
Microsoft Visual Studio Solution File, Format Version 12.00
# Visual Studio Version 17
VisualStudioVersion = 17.4.33205.214
MinimumVisualStudioVersion = 10.0.40219.1
Project("{FAE04EC0-301F-11D3-BF4B-00C04F79EFBC}") = "Decryption", "Decryption\Decryption.csproj", "{F54EF2AB-CBB3-470E-9E70-272867CA7FEA}"
EndProject
Global
	GlobalSection(SolutionConfigurationPlatforms) = preSolution
		Debug|Any CPU = Debug|Any CPU
		Release|Any CPU = Release|Any CPU
	EndGlobalSection
	GlobalSection(ProjectConfigurationPlatforms) = postSolution
		{F54EF2AB-CBB3-470E-9E70-272867CA7FEA}.Debug|Any CPU.ActiveCfg = Debug|Any CPU
		{F54EF2AB-CBB3-470E-9E70-272867CA7FEA}.Debug|Any CPU.Build.0 = Debug|Any CPU
		{F54EF2AB-CBB3-470E-9E70-272867CA7FEA}.Release|Any CPU.ActiveCfg = Release|Any CPU
		{F54EF2AB-CBB3-470E-9E70-272867CA7FEA}.Release|Any CPU.Build.0 = Release|Any CPU
	EndGlobalSection
	GlobalSection(SolutionProperties) = preSolution
		HideSolutionNode = FALSE
	EndGlobalSection
	GlobalSection(ExtensibilityGlobals) = postSolution
		SolutionGuid = {1B4BE04C-4034-46CA-9264-105587B365F6}
	EndGlobalSection
EndGlobal
